
Microsoft Visual Studio Solution File, Format Version 12.00
# Visual Studio Version 16
VisualStudioVersion = 16.0.30413.136
MinimumVisualStudioVersion = 10.0.40219.1
Project("{FAE04EC0-301F-11D3-BF4B-00C04F79EFBC}") = "FaceRecognitionDemo", "FaceRecognitionDemo.csproj", "{347363A5-2ED7-4184-8271-ED072F128945}"
EndProject
Global
	GlobalSection(SolutionConfigurationPlatforms) = preSolution
		Debug|Any CPU = Debug|Any CPU
		Release|Any CPU = Release|Any CPU
	EndGlobalSection
	GlobalSection(ProjectConfigurationPlatforms) = postSolution
		{347363A5-2ED7-4184-8271-ED072F128945}.Debug|Any CPU.ActiveCfg = Debug|Any CPU
		{347363A5-2ED7-4184-8271-ED072F128945}.Debug|Any CPU.Build.0 = Debug|Any CPU
		{347363A5-2ED7-4184-8271-ED072F128945}.Release|Any CPU.ActiveCfg = Release|Any CPU
		{347363A5-2ED7-4184-8271-ED072F128945}.Release|Any CPU.Build.0 = Release|Any CPU
	EndGlobalSection
	GlobalSection(SolutionProperties) = preSolution
		HideSolutionNode = FALSE
	EndGlobalSection
	GlobalSection(ExtensibilityGlobals) = postSolution
		SolutionGuid = {D85F1CF3-D7F0-40BF-B8EC-AA3E2D9DB005}
	EndGlobalSection
EndGlobal
